// !$*UTF8*$!
{
	archiveVersion = 1;
	classes = {
	};
	objectVersion = 51;
	objects = {

/* Begin PBXBuildFile section */
		2BE831595A1FEF8CAC679753 /* Pods_ManagementApp.framework in Frameworks */ = {isa = PBXBuildFile; fileRef = FB2B8FA49B0D6E9F5C4BDAC6 /* Pods_ManagementApp.framework */; };
		9528EFE0247CA0440063990B /* Item.swift in Sources */ = {isa = PBXBuildFile; fileRef = 9528EFDF247CA0440063990B /* Item.swift */; };
		9528EFE3247CB5480063990B /* ConsumeTableViewCell.swift in Sources */ = {isa = PBXBuildFile; fileRef = 9528EFE1247CB5480063990B /* ConsumeTableViewCell.swift */; };
		9528EFE4247CB5480063990B /* ConsumeTableViewCell.xib in Resources */ = {isa = PBXBuildFile; fileRef = 9528EFE2247CB5480063990B /* ConsumeTableViewCell.xib */; };
		9540393924766463008784DB /* AppDelegate.swift in Sources */ = {isa = PBXBuildFile; fileRef = 9540393824766463008784DB /* AppDelegate.swift */; };
		9540393B24766463008784DB /* SceneDelegate.swift in Sources */ = {isa = PBXBuildFile; fileRef = 9540393A24766463008784DB /* SceneDelegate.swift */; };
		9540393D24766463008784DB /* ViewController.swift in Sources */ = {isa = PBXBuildFile; fileRef = 9540393C24766463008784DB /* ViewController.swift */; };
		9540394024766463008784DB /* Main.storyboard in Resources */ = {isa = PBXBuildFile; fileRef = 9540393E24766463008784DB /* Main.storyboard */; };
		9540394224766466008784DB /* Assets.xcassets in Resources */ = {isa = PBXBuildFile; fileRef = 9540394124766466008784DB /* Assets.xcassets */; };
		9540394524766466008784DB /* LaunchScreen.storyboard in Resources */ = {isa = PBXBuildFile; fileRef = 9540394324766466008784DB /* LaunchScreen.storyboard */; };
		95482A472480DB8600DF75B4 /* IconViewController.swift in Sources */ = {isa = PBXBuildFile; fileRef = 95482A462480DB8600DF75B4 /* IconViewController.swift */; };
		958FE9C0248498300051CB88 /* IconCell.swift in Sources */ = {isa = PBXBuildFile; fileRef = 958FE9BF248498300051CB88 /* IconCell.swift */; };
		95981DB1247B4DE2005A41FA /* MainViewController.swift in Sources */ = {isa = PBXBuildFile; fileRef = 95981DB0247B4DE2005A41FA /* MainViewController.swift */; };
		95981DB3247B51EA005A41FA /* ConsumeViewController.swift in Sources */ = {isa = PBXBuildFile; fileRef = 95981DB2247B51EA005A41FA /* ConsumeViewController.swift */; };
		95981DB5247B5290005A41FA /* ListViewController.swift in Sources */ = {isa = PBXBuildFile; fileRef = 95981DB4247B5290005A41FA /* ListViewController.swift */; };
		95D28CCE24973F34003AF97B /* CalendarViewController.swift in Sources */ = {isa = PBXBuildFile; fileRef = 95D28CCD24973F34003AF97B /* CalendarViewController.swift */; };
/* End PBXBuildFile section */

/* Begin PBXFileReference section */
		687E7E7F2B21B612003645DA /* Pods-ManagementApp.release.xcconfig */ = {isa = PBXFileReference; includeInIndex = 1; lastKnownFileType = text.xcconfig; name = "Pods-ManagementApp.release.xcconfig"; path = "Target Support Files/Pods-ManagementApp/Pods-ManagementApp.release.xcconfig"; sourceTree = "<group>"; };
		9528EFDF247CA0440063990B /* Item.swift */ = {isa = PBXFileReference; lastKnownFileType = sourcecode.swift; path = Item.swift; sourceTree = "<group>"; };
		9528EFE1247CB5480063990B /* ConsumeTableViewCell.swift */ = {isa = PBXFileReference; lastKnownFileType = sourcecode.swift; path = ConsumeTableViewCell.swift; sourceTree = "<group>"; };
		9528EFE2247CB5480063990B /* ConsumeTableViewCell.xib */ = {isa = PBXFileReference; lastKnownFileType = file.xib; path = ConsumeTableViewCell.xib; sourceTree = "<group>"; };
		9540393524766463008784DB /* ManagementApp.app */ = {isa = PBXFileReference; explicitFileType = wrapper.application; includeInIndex = 0; path = ManagementApp.app; sourceTree = BUILT_PRODUCTS_DIR; };
		9540393824766463008784DB /* AppDelegate.swift */ = {isa = PBXFileReference; lastKnownFileType = sourcecode.swift; path = AppDelegate.swift; sourceTree = "<group>"; };
		9540393A24766463008784DB /* SceneDelegate.swift */ = {isa = PBXFileReference; lastKnownFileType = sourcecode.swift; path = SceneDelegate.swift; sourceTree = "<group>"; };
		9540393C24766463008784DB /* ViewController.swift */ = {isa = PBXFileReference; lastKnownFileType = sourcecode.swift; path = ViewController.swift; sourceTree = "<group>"; };
		9540393F24766463008784DB /* Base */ = {isa = PBXFileReference; lastKnownFileType = file.storyboard; name = Base; path = Base.lproj/Main.storyboard; sourceTree = "<group>"; };
		9540394124766466008784DB /* Assets.xcassets */ = {isa = PBXFileReference; lastKnownFileType = folder.assetcatalog; path = Assets.xcassets; sourceTree = "<group>"; };
		9540394424766466008784DB /* Base */ = {isa = PBXFileReference; lastKnownFileType = file.storyboard; name = Base; path = Base.lproj/LaunchScreen.storyboard; sourceTree = "<group>"; };
		9540394624766466008784DB /* Info.plist */ = {isa = PBXFileReference; lastKnownFileType = text.plist.xml; path = Info.plist; sourceTree = "<group>"; };
		95482A462480DB8600DF75B4 /* IconViewController.swift */ = {isa = PBXFileReference; lastKnownFileType = sourcecode.swift; path = IconViewController.swift; sourceTree = "<group>"; };
		958FE9BF248498300051CB88 /* IconCell.swift */ = {isa = PBXFileReference; lastKnownFileType = sourcecode.swift; path = IconCell.swift; sourceTree = "<group>"; };
		95981DB0247B4DE2005A41FA /* MainViewController.swift */ = {isa = PBXFileReference; lastKnownFileType = sourcecode.swift; path = MainViewController.swift; sourceTree = "<group>"; };
		95981DB2247B51EA005A41FA /* ConsumeViewController.swift */ = {isa = PBXFileReference; lastKnownFileType = sourcecode.swift; path = ConsumeViewController.swift; sourceTree = "<group>"; };
		95981DB4247B5290005A41FA /* ListViewController.swift */ = {isa = PBXFileReference; lastKnownFileType = sourcecode.swift; path = ListViewController.swift; sourceTree = "<group>"; };
		95D28CCD24973F34003AF97B /* CalendarViewController.swift */ = {isa = PBXFileReference; lastKnownFileType = sourcecode.swift; path = CalendarViewController.swift; sourceTree = "<group>"; };
		C200CD8E0DD8A6FDDCD7F4A2 /* Pods-ManagementApp.debug.xcconfig */ = {isa = PBXFileReference; includeInIndex = 1; lastKnownFileType = text.xcconfig; name = "Pods-ManagementApp.debug.xcconfig"; path = "Target Support Files/Pods-ManagementApp/Pods-ManagementApp.debug.xcconfig"; sourceTree = "<group>"; };
		FB2B8FA49B0D6E9F5C4BDAC6 /* Pods_ManagementApp.framework */ = {isa = PBXFileReference; explicitFileType = wrapper.framework; includeInIndex = 0; path = Pods_ManagementApp.framework; sourceTree = BUILT_PRODUCTS_DIR; };
/* End PBXFileReference section */

/* Begin PBXFrameworksBuildPhase section */
		9540393224766463008784DB /* Frameworks */ = {
			isa = PBXFrameworksBuildPhase;
			buildActionMask = 2147483647;
			files = (
				2BE831595A1FEF8CAC679753 /* Pods_ManagementApp.framework in Frameworks */,
			);
			runOnlyForDeploymentPostprocessing = 0;
		};
/* End PBXFrameworksBuildPhase section */

/* Begin PBXGroup section */
		00B6F4700E2967A22CCCEB5B /* Pods */ = {
			isa = PBXGroup;
			children = (
				C200CD8E0DD8A6FDDCD7F4A2 /* Pods-ManagementApp.debug.xcconfig */,
				687E7E7F2B21B612003645DA /* Pods-ManagementApp.release.xcconfig */,
			);
			path = Pods;
			sourceTree = "<group>";
		};
		6F2078ABB2FDD2297212AAC3 /* Frameworks */ = {
			isa = PBXGroup;
			children = (
				FB2B8FA49B0D6E9F5C4BDAC6 /* Pods_ManagementApp.framework */,
			);
			name = Frameworks;
			sourceTree = "<group>";
		};
		9540392C24766463008784DB = {
			isa = PBXGroup;
			children = (
				9540393724766463008784DB /* ManagementApp */,
				9540393624766463008784DB /* Products */,
				00B6F4700E2967A22CCCEB5B /* Pods */,
				6F2078ABB2FDD2297212AAC3 /* Frameworks */,
			);
			sourceTree = "<group>";
		};
		9540393624766463008784DB /* Products */ = {
			isa = PBXGroup;
			children = (
				9540393524766463008784DB /* ManagementApp.app */,
			);
			name = Products;
			sourceTree = "<group>";
		};
		9540393724766463008784DB /* ManagementApp */ = {
			isa = PBXGroup;
			children = (
				9540393824766463008784DB /* AppDelegate.swift */,
				9540393A24766463008784DB /* SceneDelegate.swift */,
				9540393C24766463008784DB /* ViewController.swift */,
				95981DB0247B4DE2005A41FA /* MainViewController.swift */,
				95981DB2247B51EA005A41FA /* ConsumeViewController.swift */,
				95981DB4247B5290005A41FA /* ListViewController.swift */,
				95482A462480DB8600DF75B4 /* IconViewController.swift */,
				958FE9BF248498300051CB88 /* IconCell.swift */,
				9528EFE1247CB5480063990B /* ConsumeTableViewCell.swift */,
				9528EFE2247CB5480063990B /* ConsumeTableViewCell.xib */,
				95D28CCD24973F34003AF97B /* CalendarViewController.swift */,
				9528EFDF247CA0440063990B /* Item.swift */,
				9540393E24766463008784DB /* Main.storyboard */,
				9540394124766466008784DB /* Assets.xcassets */,
				9540394324766466008784DB /* LaunchScreen.storyboard */,
				9540394624766466008784DB /* Info.plist */,
			);
			path = ManagementApp;
			sourceTree = "<group>";
		};
/* End PBXGroup section */

/* Begin PBXNativeTarget section */
		9540393424766463008784DB /* ManagementApp */ = {
			isa = PBXNativeTarget;
			buildConfigurationList = 9540394924766466008784DB /* Build configuration list for PBXNativeTarget "ManagementApp" */;
			buildPhases = (
				17A114CDAA5B18C3D3EB3211 /* [CP] Check Pods Manifest.lock */,
				9540393124766463008784DB /* Sources */,
				9540393224766463008784DB /* Frameworks */,
				9540393324766463008784DB /* Resources */,
				BD726A29744890F1CC249869 /* [CP] Embed Pods Frameworks */,
			);
			buildRules = (
			);
			dependencies = (
			);
			name = ManagementApp;
			productName = ManagementApp;
			productReference = 9540393524766463008784DB /* ManagementApp.app */;
			productType = "com.apple.product-type.application";
		};
/* End PBXNativeTarget section */

/* Begin PBXProject section */
		9540392D24766463008784DB /* Project object */ = {
			isa = PBXProject;
			attributes = {
				LastSwiftUpdateCheck = 1110;
				LastUpgradeCheck = 1110;
				ORGANIZATIONNAME = sari.hatanaka;
				TargetAttributes = {
					9540393424766463008784DB = {
						CreatedOnToolsVersion = 11.1;
					};
				};
			};
			buildConfigurationList = 9540393024766463008784DB /* Build configuration list for PBXProject "ManagementApp" */;
			compatibilityVersion = "Xcode 9.3";
			developmentRegion = en;
			hasScannedForEncodings = 0;
			knownRegions = (
				en,
				Base,
			);
			mainGroup = 9540392C24766463008784DB;
			productRefGroup = 9540393624766463008784DB /* Products */;
			projectDirPath = "";
			projectRoot = "";
			targets = (
				9540393424766463008784DB /* ManagementApp */,
			);
		};
/* End PBXProject section */

/* Begin PBXResourcesBuildPhase section */
		9540393324766463008784DB /* Resources */ = {
			isa = PBXResourcesBuildPhase;
			buildActionMask = 2147483647;
			files = (
				9540394524766466008784DB /* LaunchScreen.storyboard in Resources */,
				9540394224766466008784DB /* Assets.xcassets in Resources */,
				9528EFE4247CB5480063990B /* ConsumeTableViewCell.xib in Resources */,
				9540394024766463008784DB /* Main.storyboard in Resources */,
			);
			runOnlyForDeploymentPostprocessing = 0;
		};
/* End PBXResourcesBuildPhase section */

/* Begin PBXShellScriptBuildPhase section */
		17A114CDAA5B18C3D3EB3211 /* [CP] Check Pods Manifest.lock */ = {
			isa = PBXShellScriptBuildPhase;
			buildActionMask = 2147483647;
			files = (
			);
			inputFileListPaths = (
			);
			inputPaths = (
				"${PODS_PODFILE_DIR_PATH}/Podfile.lock",
				"${PODS_ROOT}/Manifest.lock",
			);
			name = "[CP] Check Pods Manifest.lock";
			outputFileListPaths = (
			);
			outputPaths = (
				"$(DERIVED_FILE_DIR)/Pods-ManagementApp-checkManifestLockResult.txt",
			);
			runOnlyForDeploymentPostprocessing = 0;
			shellPath = /bin/sh;
			shellScript = "diff \"${PODS_PODFILE_DIR_PATH}/Podfile.lock\" \"${PODS_ROOT}/Manifest.lock\" > /dev/null\nif [ $? != 0 ] ; then\n    # print error to STDERR\n    echo \"error: The sandbox is not in sync with the Podfile.lock. Run 'pod install' or update your CocoaPods installation.\" >&2\n    exit 1\nfi\n# This output is used by Xcode 'outputs' to avoid re-running this script phase.\necho \"SUCCESS\" > \"${SCRIPT_OUTPUT_FILE_0}\"\n";
			showEnvVarsInLog = 0;
		};
		BD726A29744890F1CC249869 /* [CP] Embed Pods Frameworks */ = {
			isa = PBXShellScriptBuildPhase;
			buildActionMask = 2147483647;
			files = (
			);
			inputFileListPaths = (
				"${PODS_ROOT}/Target Support Files/Pods-ManagementApp/Pods-ManagementApp-frameworks-${CONFIGURATION}-input-files.xcfilelist",
			);
			name = "[CP] Embed Pods Frameworks";
			outputFileListPaths = (
				"${PODS_ROOT}/Target Support Files/Pods-ManagementApp/Pods-ManagementApp-frameworks-${CONFIGURATION}-output-files.xcfilelist",
			);
			runOnlyForDeploymentPostprocessing = 0;
			shellPath = /bin/sh;
			shellScript = "\"${PODS_ROOT}/Target Support Files/Pods-ManagementApp/Pods-ManagementApp-frameworks.sh\"\n";
			showEnvVarsInLog = 0;
		};
/* End PBXShellScriptBuildPhase section */

/* Begin PBXSourcesBuildPhase section */
		9540393124766463008784DB /* Sources */ = {
			isa = PBXSourcesBuildPhase;
			buildActionMask = 2147483647;
			files = (
				9540393D24766463008784DB /* ViewController.swift in Sources */,
				9540393924766463008784DB /* AppDelegate.swift in Sources */,
				95482A472480DB8600DF75B4 /* IconViewController.swift in Sources */,
				95D28CCE24973F34003AF97B /* CalendarViewController.swift in Sources */,
				9528EFE3247CB5480063990B /* ConsumeTableViewCell.swift in Sources */,
				95981DB5247B5290005A41FA /* ListViewController.swift in Sources */,
				9540393B24766463008784DB /* SceneDelegate.swift in Sources */,
				958FE9C0248498300051CB88 /* IconCell.swift in Sources */,
				9528EFE0247CA0440063990B /* Item.swift in Sources */,
				95981DB3247B51EA005A41FA /* ConsumeViewController.swift in Sources */,
				95981DB1247B4DE2005A41FA /* MainViewController.swift in Sources */,
			);
			runOnlyForDeploymentPostprocessing = 0;
		};
/* End PBXSourcesBuildPhase section */

/* Begin PBXVariantGroup section */
		9540393E24766463008784DB /* Main.storyboard */ = {
			isa = PBXVariantGroup;
			children = (
				9540393F24766463008784DB /* Base */,
			);
			name = Main.storyboard;
			sourceTree = "<group>";
		};
		9540394324766466008784DB /* LaunchScreen.storyboard */ = {
			isa = PBXVariantGroup;
			children = (
				9540394424766466008784DB /* Base */,
			);
			name = LaunchScreen.storyboard;
			sourceTree = "<group>";
		};
/* End PBXVariantGroup section */

/* Begin XCBuildConfiguration section */
		9540394724766466008784DB /* Debug */ = {
			isa = XCBuildConfiguration;
			buildSettings = {
				ALWAYS_SEARCH_USER_PATHS = NO;
				CLANG_ANALYZER_NONNULL = YES;
				CLANG_ANALYZER_NUMBER_OBJECT_CONVERSION = YES_AGGRESSIVE;
				CLANG_CXX_LANGUAGE_STANDARD = "gnu++14";
				CLANG_CXX_LIBRARY = "libc++";
				CLANG_ENABLE_MODULES = YES;
				CLANG_ENABLE_OBJC_ARC = YES;
				CLANG_ENABLE_OBJC_WEAK = YES;
				CLANG_WARN_BLOCK_CAPTURE_AUTORELEASING = YES;
				CLANG_WARN_BOOL_CONVERSION = YES;
				CLANG_WARN_COMMA = YES;
				CLANG_WARN_CONSTANT_CONVERSION = YES;
				CLANG_WARN_DEPRECATED_OBJC_IMPLEMENTATIONS = YES;
				CLANG_WARN_DIRECT_OBJC_ISA_USAGE = YES_ERROR;
				CLANG_WARN_DOCUMENTATION_COMMENTS = YES;
				CLANG_WARN_EMPTY_BODY = YES;
				CLANG_WARN_ENUM_CONVERSION = YES;
				CLANG_WARN_INFINITE_RECURSION = YES;
				CLANG_WARN_INT_CONVERSION = YES;
				CLANG_WARN_NON_LITERAL_NULL_CONVERSION = YES;
				CLANG_WARN_OBJC_IMPLICIT_RETAIN_SELF = YES;
				CLANG_WARN_OBJC_LITERAL_CONVERSION = YES;
				CLANG_WARN_OBJC_ROOT_CLASS = YES_ERROR;
				CLANG_WARN_RANGE_LOOP_ANALYSIS = YES;
				CLANG_WARN_STRICT_PROTOTYPES = YES;
				CLANG_WARN_SUSPICIOUS_MOVE = YES;
				CLANG_WARN_UNGUARDED_AVAILABILITY = YES_AGGRESSIVE;
				CLANG_WARN_UNREACHABLE_CODE = YES;
				CLANG_WARN__DUPLICATE_METHOD_MATCH = YES;
				COPY_PHASE_STRIP = NO;
				DEBUG_INFORMATION_FORMAT = dwarf;
				ENABLE_STRICT_OBJC_MSGSEND = YES;
				ENABLE_TESTABILITY = YES;
				GCC_C_LANGUAGE_STANDARD = gnu11;
				GCC_DYNAMIC_NO_PIC = NO;
				GCC_NO_COMMON_BLOCKS = YES;
				GCC_OPTIMIZATION_LEVEL = 0;
				GCC_PREPROCESSOR_DEFINITIONS = (
					"DEBUG=1",
					"$(inherited)",
				);
				GCC_WARN_64_TO_32_BIT_CONVERSION = YES;
				GCC_WARN_ABOUT_RETURN_TYPE = YES_ERROR;
				GCC_WARN_UNDECLARED_SELECTOR = YES;
				GCC_WARN_UNINITIALIZED_AUTOS = YES_AGGRESSIVE;
				GCC_WARN_UNUSED_FUNCTION = YES;
				GCC_WARN_UNUSED_VARIABLE = YES;
				IPHONEOS_DEPLOYMENT_TARGET = 13.1;
				MTL_ENABLE_DEBUG_INFO = INCLUDE_SOURCE;
				MTL_FAST_MATH = YES;
				ONLY_ACTIVE_ARCH = YES;
				SDKROOT = iphoneos;
				SWIFT_ACTIVE_COMPILATION_CONDITIONS = DEBUG;
				SWIFT_OPTIMIZATION_LEVEL = "-Onone";
			};
			name = Debug;
		};
		9540394824766466008784DB /* Release */ = {
			isa = XCBuildConfiguration;
			buildSettings = {
				ALWAYS_SEARCH_USER_PATHS = NO;
				CLANG_ANALYZER_NONNULL = YES;
				CLANG_ANALYZER_NUMBER_OBJECT_CONVERSION = YES_AGGRESSIVE;
				CLANG_CXX_LANGUAGE_STANDARD = "gnu++14";
				CLANG_CXX_LIBRARY = "libc++";
				CLANG_ENABLE_MODULES = YES;
				CLANG_ENABLE_OBJC_ARC = YES;
				CLANG_ENABLE_OBJC_WEAK = YES;
				CLANG_WARN_BLOCK_CAPTURE_AUTORELEASING = YES;
				CLANG_WARN_BOOL_CONVERSION = YES;
				CLANG_WARN_COMMA = YES;
				CLANG_WARN_CONSTANT_CONVERSION = YES;
				CLANG_WARN_DEPRECATED_OBJC_IMPLEMENTATIONS = YES;
				CLANG_WARN_DIRECT_OBJC_ISA_USAGE = YES_ERROR;
				CLANG_WARN_DOCUMENTATION_COMMENTS = YES;
				CLANG_WARN_EMPTY_BODY = YES;
				CLANG_WARN_ENUM_CONVERSION = YES;
				CLANG_WARN_INFINITE_RECURSION = YES;
				CLANG_WARN_INT_CONVERSION = YES;
				CLANG_WARN_NON_LITERAL_NULL_CONVERSION = YES;
				CLANG_WARN_OBJC_IMPLICIT_RETAIN_SELF = YES;
				CLANG_WARN_OBJC_LITERAL_CONVERSION = YES;
				CLANG_WARN_OBJC_ROOT_CLASS = YES_ERROR;
				CLANG_WARN_RANGE_LOOP_ANALYSIS = YES;
				CLANG_WARN_STRICT_PROTOTYPES = YES;
				CLANG_WARN_SUSPICIOUS_MOVE = YES;
				CLANG_WARN_UNGUARDED_AVAILABILITY = YES_AGGRESSIVE;
				CLANG_WARN_UNREACHABLE_CODE = YES;
				CLANG_WARN__DUPLICATE_METHOD_MATCH = YES;
				COPY_PHASE_STRIP = NO;
				DEBUG_INFORMATION_FORMAT = "dwarf-with-dsym";
				ENABLE_NS_ASSERTIONS = NO;
				ENABLE_STRICT_OBJC_MSGSEND = YES;
				GCC_C_LANGUAGE_STANDARD = gnu11;
				GCC_NO_COMMON_BLOCKS = YES;
				GCC_WARN_64_TO_32_BIT_CONVERSION = YES;
				GCC_WARN_ABOUT_RETURN_TYPE = YES_ERROR;
				GCC_WARN_UNDECLARED_SELECTOR = YES;
				GCC_WARN_UNINITIALIZED_AUTOS = YES_AGGRESSIVE;
				GCC_WARN_UNUSED_FUNCTION = YES;
				GCC_WARN_UNUSED_VARIABLE = YES;
				IPHONEOS_DEPLOYMENT_TARGET = 13.1;
				MTL_ENABLE_DEBUG_INFO = NO;
				MTL_FAST_MATH = YES;
				SDKROOT = iphoneos;
				SWIFT_COMPILATION_MODE = wholemodule;
				SWIFT_OPTIMIZATION_LEVEL = "-O";
				VALIDATE_PRODUCT = YES;
			};
			name = Release;
		};
		9540394A24766466008784DB /* Debug */ = {
			isa = XCBuildConfiguration;
			baseConfigurationReference = C200CD8E0DD8A6FDDCD7F4A2 /* Pods-ManagementApp.debug.xcconfig */;
			buildSettings = {
				ASSETCATALOG_COMPILER_APPICON_NAME = AppIcon;
				CODE_SIGN_STYLE = Automatic;
				DEVELOPMENT_TEAM = XLM7K96PXP;
				INFOPLIST_FILE = ManagementApp/Info.plist;
				IPHONEOS_DEPLOYMENT_TARGET = 12.0;
				LD_RUNPATH_SEARCH_PATHS = (
					"$(inherited)",
					"@executable_path/Frameworks",
				);
				PRODUCT_BUNDLE_IDENTIFIER = jp.techacademy.sari.hatanaka.ManagementApp;
				PRODUCT_NAME = "$(TARGET_NAME)";
				SWIFT_VERSION = 5.0;
				TARGETED_DEVICE_FAMILY = 1;
			};
			name = Debug;
		};
		9540394B24766466008784DB /* Release */ = {
			isa = XCBuildConfiguration;
			baseConfigurationReference = 687E7E7F2B21B612003645DA /* Pods-ManagementApp.release.xcconfig */;
			buildSettings = {
				ASSETCATALOG_COMPILER_APPICON_NAME = AppIcon;
				CODE_SIGN_STYLE = Automatic;
				DEVELOPMENT_TEAM = XLM7K96PXP;
				INFOPLIST_FILE = ManagementApp/Info.plist;
				IPHONEOS_DEPLOYMENT_TARGET = 12.0;
				LD_RUNPATH_SEARCH_PATHS = (
					"$(inherited)",
					"@executable_path/Frameworks",
				);
				PRODUCT_BUNDLE_IDENTIFIER = jp.techacademy.sari.hatanaka.ManagementApp;
				PRODUCT_NAME = "$(TARGET_NAME)";
				SWIFT_VERSION = 5.0;
				TARGETED_DEVICE_FAMILY = 1;
			};
			name = Release;
		};
/* End XCBuildConfiguration section */

/* Begin XCConfigurationList section */
		9540393024766463008784DB /* Build configuration list for PBXProject "ManagementApp" */ = {
			isa = XCConfigurationList;
			buildConfigurations = (
				9540394724766466008784DB /* Debug */,
				9540394824766466008784DB /* Release */,
			);
			defaultConfigurationIsVisible = 0;
			defaultConfigurationName = Release;
		};
		9540394924766466008784DB /* Build configuration list for PBXNativeTarget "ManagementApp" */ = {
			isa = XCConfigurationList;
			buildConfigurations = (
				9540394A24766466008784DB /* Debug */,
				9540394B24766466008784DB /* Release */,
			);
			defaultConfigurationIsVisible = 0;
			defaultConfigurationName = Release;
		};
/* End XCConfigurationList section */
	};
	rootObject = 9540392D24766463008784DB /* Project object */;
}
