PODS:
  - FSCalendar (2.8.1)
  - Realm (3.20.0):
    - Realm/Headers (= 3.20.0)
  - Realm/Headers (3.20.0)
  - RealmSwift (3.20.0):
    - Realm (= 3.20.0)
  - XLPagerTabStrip (9.0.0)

DEPENDENCIES:
  - FSCalendar
  - RealmSwift (= 3.20.0)
  - XLPagerTabStrip

SPEC REPOS:
  trunk:
    - FSCalendar
    - Realm
    - RealmSwift
    - XLPagerTabStrip

SPEC CHECKSUMS:
  FSCalendar: 5245140456fcbcac5824c203b98bd8068bdfee1a
  Realm: 8b2ca5bc6479a91f379b6b42b5922e396cd5ba5a
  RealmSwift: 1949ef26a279e1845bd51d591b9103adfcd121df
  XLPagerTabStrip: 61c57fd61f611ee5f01ff1495ad6fbee8bf496c5

PODFILE CHECKSUM: 46161a8afc9582742dc221750986c998f31476c3

COCOAPODS: 1.9.1
